
Microsoft Visual Studio Solution File, Format Version 12.00
# Visual Studio Version 17
VisualStudioVersion = 17.0.31903.59
MinimumVisualStudioVersion = 10.0.40219.1
Project("{2150E333-8FDC-42A3-9474-1A3956D46DE8}") = "src", "src", "{827E0CD3-B72D-47B6-A68D-7590B98EB39B}"
EndProject
Project("{FAE04EC0-301F-11D3-BF4B-00C04F79EFBC}") = "StyloExtract.Abstractions", "src\StyloExtract.Abstractions\StyloExtract.Abstractions.csproj", "{6450A65B-3B34-4D04-AB22-0BBB9B95D9CC}"
EndProject
Project("{FAE04EC0-301F-11D3-BF4B-00C04F79EFBC}") = "StyloExtract.Html", "src\StyloExtract.Html\StyloExtract.Html.csproj", "{F528FF4A-C08C-4234-AF91-E89B91CEFF8E}"
EndProject
Project("{FAE04EC0-301F-11D3-BF4B-00C04F79EFBC}") = "StyloExtract.Fingerprint", "src\StyloExtract.Fingerprint\StyloExtract.Fingerprint.csproj", "{B61CD123-3F40-49F8-B13E-EF410A2CE98D}"
EndProject
Project("{FAE04EC0-301F-11D3-BF4B-00C04F79EFBC}") = "StyloExtract.Templates", "src\StyloExtract.Templates\StyloExtract.Templates.csproj", "{D68A2AE3-0370-4E9C-8DC3-5A1589D81AD8}"
EndProject
Project("{FAE04EC0-301F-11D3-BF4B-00C04F79EFBC}") = "StyloExtract.Heuristics", "src\StyloExtract.Heuristics\StyloExtract.Heuristics.csproj", "{984730D0-289D-42F1-8C6E-BDB50DF19088}"
EndProject
Project("{FAE04EC0-301F-11D3-BF4B-00C04F79EFBC}") = "StyloExtract.Markdown", "src\StyloExtract.Markdown\StyloExtract.Markdown.csproj", "{079234B2-9A2A-4D88-81A7-6FE82262C3C1}"
EndProject
Project("{FAE04EC0-301F-11D3-BF4B-00C04F79EFBC}") = "StyloExtract.Core", "src\StyloExtract.Core\StyloExtract.Core.csproj", "{25B3422B-872D-4F91-91F5-42E85411679F}"
EndProject
Project("{FAE04EC0-301F-11D3-BF4B-00C04F79EFBC}") = "StyloExtract.AspNetCore", "src\StyloExtract.AspNetCore\StyloExtract.AspNetCore.csproj", "{05339E85-6E33-4C52-9A7F-202C387C02D0}"
EndProject
Project("{FAE04EC0-301F-11D3-BF4B-00C04F79EFBC}") = "StyloExtract.Cli", "src\StyloExtract.Cli\StyloExtract.Cli.csproj", "{1383093E-CDD4-44D0-9F45-EC6A81EB1A2C}"
EndProject
Project("{2150E333-8FDC-42A3-9474-1A3956D46DE8}") = "tests", "tests", "{0AB3BF05-4346-4AA6-1389-037BE0695223}"
EndProject
Project("{FAE04EC0-301F-11D3-BF4B-00C04F79EFBC}") = "StyloExtract.Core.Tests", "tests\StyloExtract.Core.Tests\StyloExtract.Core.Tests.csproj", "{B20DFF91-24C8-4791-B4CE-54F4B1AF8262}"
EndProject
Project("{FAE04EC0-301F-11D3-BF4B-00C04F79EFBC}") = "StyloExtract.Fingerprint.Tests", "tests\StyloExtract.Fingerprint.Tests\StyloExtract.Fingerprint.Tests.csproj", "{6B8B2F40-A7FC-44B5-A8B6-40E4CFF64A59}"
EndProject
Project("{FAE04EC0-301F-11D3-BF4B-00C04F79EFBC}") = "StyloExtract.Heuristics.Tests", "tests\StyloExtract.Heuristics.Tests\StyloExtract.Heuristics.Tests.csproj", "{3607F4BD-6616-4942-A12F-89E9A2C2494D}"
EndProject
Project("{FAE04EC0-301F-11D3-BF4B-00C04F79EFBC}") = "StyloExtract.Templates.Tests", "tests\StyloExtract.Templates.Tests\StyloExtract.Templates.Tests.csproj", "{FFAFA407-3A41-4089-A821-D354F43397FA}"
EndProject
Project("{FAE04EC0-301F-11D3-BF4B-00C04F79EFBC}") = "StyloExtract.IntegrationTests", "tests\StyloExtract.IntegrationTests\StyloExtract.IntegrationTests.csproj", "{84756DC5-4D2F-46F8-899D-DDA094E024B0}"
EndProject
Project("{2150E333-8FDC-42A3-9474-1A3956D46DE8}") = "bench", "bench", "{760AB15A-8938-8D9B-BEDE-5CE1484B84C3}"
EndProject
Project("{FAE04EC0-301F-11D3-BF4B-00C04F79EFBC}") = "StyloExtract.Benchmarks", "bench\StyloExtract.Benchmarks\StyloExtract.Benchmarks.csproj", "{DDDC7B9A-1D5A-4EBC-9AB6-E072CC63210C}"
EndProject
Project("{FAE04EC0-301F-11D3-BF4B-00C04F79EFBC}") = "StyloExtract.Playwright", "src\StyloExtract.Playwright\StyloExtract.Playwright.csproj", "{07DE8DAA-1E5E-4B64-BB42-953460EFBEF8}"
EndProject
Project("{FAE04EC0-301F-11D3-BF4B-00C04F79EFBC}") = "StyloExtract.Cli.Shared", "src\StyloExtract.Cli.Shared\StyloExtract.Cli.Shared.csproj", "{DECA6EFF-6017-4994-9A19-A962F4D46394}"
EndProject
Project("{FAE04EC0-301F-11D3-BF4B-00C04F79EFBC}") = "StyloExtract.Cli.Aot", "src\StyloExtract.Cli.Aot\StyloExtract.Cli.Aot.csproj", "{37FCE154-CD3F-4F76-9EC5-DB28F76995E5}"
EndProject
Global
	GlobalSection(SolutionConfigurationPlatforms) = preSolution
		Debug|Any CPU = Debug|Any CPU
		Debug|x64 = Debug|x64
		Debug|x86 = Debug|x86
		Release|Any CPU = Release|Any CPU
		Release|x64 = Release|x64
		Release|x86 = Release|x86
	EndGlobalSection
	GlobalSection(ProjectConfigurationPlatforms) = postSolution
		{6450A65B-3B34-4D04-AB22-0BBB9B95D9CC}.Debug|Any CPU.ActiveCfg = Debug|Any CPU
		{6450A65B-3B34-4D04-AB22-0BBB9B95D9CC}.Debug|Any CPU.Build.0 = Debug|Any CPU
		{6450A65B-3B34-4D04-AB22-0BBB9B95D9CC}.Debug|x64.ActiveCfg = Debug|Any CPU
		{6450A65B-3B34-4D04-AB22-0BBB9B95D9CC}.Debug|x64.Build.0 = Debug|Any CPU
		{6450A65B-3B34-4D04-AB22-0BBB9B95D9CC}.Debug|x86.ActiveCfg = Debug|Any CPU
		{6450A65B-3B34-4D04-AB22-0BBB9B95D9CC}.Debug|x86.Build.0 = Debug|Any CPU
		{6450A65B-3B34-4D04-AB22-0BBB9B95D9CC}.Release|Any CPU.ActiveCfg = Release|Any CPU
		{6450A65B-3B34-4D04-AB22-0BBB9B95D9CC}.Release|Any CPU.Build.0 = Release|Any CPU
		{6450A65B-3B34-4D04-AB22-0BBB9B95D9CC}.Release|x64.ActiveCfg = Release|Any CPU
		{6450A65B-3B34-4D04-AB22-0BBB9B95D9CC}.Release|x64.Build.0 = Release|Any CPU
		{6450A65B-3B34-4D04-AB22-0BBB9B95D9CC}.Release|x86.ActiveCfg = Release|Any CPU
		{6450A65B-3B34-4D04-AB22-0BBB9B95D9CC}.Release|x86.Build.0 = Release|Any CPU
		{F528FF4A-C08C-4234-AF91-E89B91CEFF8E}.Debug|Any CPU.ActiveCfg = Debug|Any CPU
		{F528FF4A-C08C-4234-AF91-E89B91CEFF8E}.Debug|Any CPU.Build.0 = Debug|Any CPU
		{F528FF4A-C08C-4234-AF91-E89B91CEFF8E}.Debug|x64.ActiveCfg = Debug|Any CPU
		{F528FF4A-C08C-4234-AF91-E89B91CEFF8E}.Debug|x64.Build.0 = Debug|Any CPU
		{F528FF4A-C08C-4234-AF91-E89B91CEFF8E}.Debug|x86.ActiveCfg = Debug|Any CPU
		{F528FF4A-C08C-4234-AF91-E89B91CEFF8E}.Debug|x86.Build.0 = Debug|Any CPU
		{F528FF4A-C08C-4234-AF91-E89B91CEFF8E}.Release|Any CPU.ActiveCfg = Release|Any CPU
		{F528FF4A-C08C-4234-AF91-E89B91CEFF8E}.Release|Any CPU.Build.0 = Release|Any CPU
		{F528FF4A-C08C-4234-AF91-E89B91CEFF8E}.Release|x64.ActiveCfg = Release|Any CPU
		{F528FF4A-C08C-4234-AF91-E89B91CEFF8E}.Release|x64.Build.0 = Release|Any CPU
		{F528FF4A-C08C-4234-AF91-E89B91CEFF8E}.Release|x86.ActiveCfg = Release|Any CPU
		{F528FF4A-C08C-4234-AF91-E89B91CEFF8E}.Release|x86.Build.0 = Release|Any CPU
		{B61CD123-3F40-49F8-B13E-EF410A2CE98D}.Debug|Any CPU.ActiveCfg = Debug|Any CPU
		{B61CD123-3F40-49F8-B13E-EF410A2CE98D}.Debug|Any CPU.Build.0 = Debug|Any CPU
		{B61CD123-3F40-49F8-B13E-EF410A2CE98D}.Debug|x64.ActiveCfg = Debug|Any CPU
		{B61CD123-3F40-49F8-B13E-EF410A2CE98D}.Debug|x64.Build.0 = Debug|Any CPU
		{B61CD123-3F40-49F8-B13E-EF410A2CE98D}.Debug|x86.ActiveCfg = Debug|Any CPU
		{B61CD123-3F40-49F8-B13E-EF410A2CE98D}.Debug|x86.Build.0 = Debug|Any CPU
		{B61CD123-3F40-49F8-B13E-EF410A2CE98D}.Release|Any CPU.ActiveCfg = Release|Any CPU
		{B61CD123-3F40-49F8-B13E-EF410A2CE98D}.Release|Any CPU.Build.0 = Release|Any CPU
		{B61CD123-3F40-49F8-B13E-EF410A2CE98D}.Release|x64.ActiveCfg = Release|Any CPU
		{B61CD123-3F40-49F8-B13E-EF410A2CE98D}.Release|x64.Build.0 = Release|Any CPU
		{B61CD123-3F40-49F8-B13E-EF410A2CE98D}.Release|x86.ActiveCfg = Release|Any CPU
		{B61CD123-3F40-49F8-B13E-EF410A2CE98D}.Release|x86.Build.0 = Release|Any CPU
		{D68A2AE3-0370-4E9C-8DC3-5A1589D81AD8}.Debug|Any CPU.ActiveCfg = Debug|Any CPU
		{D68A2AE3-0370-4E9C-8DC3-5A1589D81AD8}.Debug|Any CPU.Build.0 = Debug|Any CPU
		{D68A2AE3-0370-4E9C-8DC3-5A1589D81AD8}.Debug|x64.ActiveCfg = Debug|Any CPU
		{D68A2AE3-0370-4E9C-8DC3-5A1589D81AD8}.Debug|x64.Build.0 = Debug|Any CPU
		{D68A2AE3-0370-4E9C-8DC3-5A1589D81AD8}.Debug|x86.ActiveCfg = Debug|Any CPU
		{D68A2AE3-0370-4E9C-8DC3-5A1589D81AD8}.Debug|x86.Build.0 = Debug|Any CPU
		{D68A2AE3-0370-4E9C-8DC3-5A1589D81AD8}.Release|Any CPU.ActiveCfg = Release|Any CPU
		{D68A2AE3-0370-4E9C-8DC3-5A1589D81AD8}.Release|Any CPU.Build.0 = Release|Any CPU
		{D68A2AE3-0370-4E9C-8DC3-5A1589D81AD8}.Release|x64.ActiveCfg = Release|Any CPU
		{D68A2AE3-0370-4E9C-8DC3-5A1589D81AD8}.Release|x64.Build.0 = Release|Any CPU
		{D68A2AE3-0370-4E9C-8DC3-5A1589D81AD8}.Release|x86.ActiveCfg = Release|Any CPU
		{D68A2AE3-0370-4E9C-8DC3-5A1589D81AD8}.Release|x86.Build.0 = Release|Any CPU
		{984730D0-289D-42F1-8C6E-BDB50DF19088}.Debug|Any CPU.ActiveCfg = Debug|Any CPU
		{984730D0-289D-42F1-8C6E-BDB50DF19088}.Debug|Any CPU.Build.0 = Debug|Any CPU
		{984730D0-289D-42F1-8C6E-BDB50DF19088}.Debug|x64.ActiveCfg = Debug|Any CPU
		{984730D0-289D-42F1-8C6E-BDB50DF19088}.Debug|x64.Build.0 = Debug|Any CPU
		{984730D0-289D-42F1-8C6E-BDB50DF19088}.Debug|x86.ActiveCfg = Debug|Any CPU
		{984730D0-289D-42F1-8C6E-BDB50DF19088}.Debug|x86.Build.0 = Debug|Any CPU
		{984730D0-289D-42F1-8C6E-BDB50DF19088}.Release|Any CPU.ActiveCfg = Release|Any CPU
		{984730D0-289D-42F1-8C6E-BDB50DF19088}.Release|Any CPU.Build.0 = Release|Any CPU
		{984730D0-289D-42F1-8C6E-BDB50DF19088}.Release|x64.ActiveCfg = Release|Any CPU
		{984730D0-289D-42F1-8C6E-BDB50DF19088}.Release|x64.Build.0 = Release|Any CPU
		{984730D0-289D-42F1-8C6E-BDB50DF19088}.Release|x86.ActiveCfg = Release|Any CPU
		{984730D0-289D-42F1-8C6E-BDB50DF19088}.Release|x86.Build.0 = Release|Any CPU
		{079234B2-9A2A-4D88-81A7-6FE82262C3C1}.Debug|Any CPU.ActiveCfg = Debug|Any CPU
		{079234B2-9A2A-4D88-81A7-6FE82262C3C1}.Debug|Any CPU.Build.0 = Debug|Any CPU
		{079234B2-9A2A-4D88-81A7-6FE82262C3C1}.Debug|x64.ActiveCfg = Debug|Any CPU
		{079234B2-9A2A-4D88-81A7-6FE82262C3C1}.Debug|x64.Build.0 = Debug|Any CPU
		{079234B2-9A2A-4D88-81A7-6FE82262C3C1}.Debug|x86.ActiveCfg = Debug|Any CPU
		{079234B2-9A2A-4D88-81A7-6FE82262C3C1}.Debug|x86.Build.0 = Debug|Any CPU
		{079234B2-9A2A-4D88-81A7-6FE82262C3C1}.Release|Any CPU.ActiveCfg = Release|Any CPU
		{079234B2-9A2A-4D88-81A7-6FE82262C3C1}.Release|Any CPU.Build.0 = Release|Any CPU
		{079234B2-9A2A-4D88-81A7-6FE82262C3C1}.Release|x64.ActiveCfg = Release|Any CPU
		{079234B2-9A2A-4D88-81A7-6FE82262C3C1}.Release|x64.Build.0 = Release|Any CPU
		{079234B2-9A2A-4D88-81A7-6FE82262C3C1}.Release|x86.ActiveCfg = Release|Any CPU
		{079234B2-9A2A-4D88-81A7-6FE82262C3C1}.Release|x86.Build.0 = Release|Any CPU
		{25B3422B-872D-4F91-91F5-42E85411679F}.Debug|Any CPU.ActiveCfg = Debug|Any CPU
		{25B3422B-872D-4F91-91F5-42E85411679F}.Debug|Any CPU.Build.0 = Debug|Any CPU
		{25B3422B-872D-4F91-91F5-42E85411679F}.Debug|x64.ActiveCfg = Debug|Any CPU
		{25B3422B-872D-4F91-91F5-42E85411679F}.Debug|x64.Build.0 = Debug|Any CPU
		{25B3422B-872D-4F91-91F5-42E85411679F}.Debug|x86.ActiveCfg = Debug|Any CPU
		{25B3422B-872D-4F91-91F5-42E85411679F}.Debug|x86.Build.0 = Debug|Any CPU
		{25B3422B-872D-4F91-91F5-42E85411679F}.Release|Any CPU.ActiveCfg = Release|Any CPU
		{25B3422B-872D-4F91-91F5-42E85411679F}.Release|Any CPU.Build.0 = Release|Any CPU
		{25B3422B-872D-4F91-91F5-42E85411679F}.Release|x64.ActiveCfg = Release|Any CPU
		{25B3422B-872D-4F91-91F5-42E85411679F}.Release|x64.Build.0 = Release|Any CPU
		{25B3422B-872D-4F91-91F5-42E85411679F}.Release|x86.ActiveCfg = Release|Any CPU
		{25B3422B-872D-4F91-91F5-42E85411679F}.Release|x86.Build.0 = Release|Any CPU
		{05339E85-6E33-4C52-9A7F-202C387C02D0}.Debug|Any CPU.ActiveCfg = Debug|Any CPU
		{05339E85-6E33-4C52-9A7F-202C387C02D0}.Debug|Any CPU.Build.0 = Debug|Any CPU
		{05339E85-6E33-4C52-9A7F-202C387C02D0}.Debug|x64.ActiveCfg = Debug|Any CPU
		{05339E85-6E33-4C52-9A7F-202C387C02D0}.Debug|x64.Build.0 = Debug|Any CPU
		{05339E85-6E33-4C52-9A7F-202C387C02D0}.Debug|x86.ActiveCfg = Debug|Any CPU
		{05339E85-6E33-4C52-9A7F-202C387C02D0}.Debug|x86.Build.0 = Debug|Any CPU
		{05339E85-6E33-4C52-9A7F-202C387C02D0}.Release|Any CPU.ActiveCfg = Release|Any CPU
		{05339E85-6E33-4C52-9A7F-202C387C02D0}.Release|Any CPU.Build.0 = Release|Any CPU
		{05339E85-6E33-4C52-9A7F-202C387C02D0}.Release|x64.ActiveCfg = Release|Any CPU
		{05339E85-6E33-4C52-9A7F-202C387C02D0}.Release|x64.Build.0 = Release|Any CPU
		{05339E85-6E33-4C52-9A7F-202C387C02D0}.Release|x86.ActiveCfg = Release|Any CPU
		{05339E85-6E33-4C52-9A7F-202C387C02D0}.Release|x86.Build.0 = Release|Any CPU
		{1383093E-CDD4-44D0-9F45-EC6A81EB1A2C}.Debug|Any CPU.ActiveCfg = Debug|Any CPU
		{1383093E-CDD4-44D0-9F45-EC6A81EB1A2C}.Debug|Any CPU.Build.0 = Debug|Any CPU
		{1383093E-CDD4-44D0-9F45-EC6A81EB1A2C}.Debug|x64.ActiveCfg = Debug|Any CPU
		{1383093E-CDD4-44D0-9F45-EC6A81EB1A2C}.Debug|x64.Build.0 = Debug|Any CPU
		{1383093E-CDD4-44D0-9F45-EC6A81EB1A2C}.Debug|x86.ActiveCfg = Debug|Any CPU
		{1383093E-CDD4-44D0-9F45-EC6A81EB1A2C}.Debug|x86.Build.0 = Debug|Any CPU
		{1383093E-CDD4-44D0-9F45-EC6A81EB1A2C}.Release|Any CPU.ActiveCfg = Release|Any CPU
		{1383093E-CDD4-44D0-9F45-EC6A81EB1A2C}.Release|Any CPU.Build.0 = Release|Any CPU
		{1383093E-CDD4-44D0-9F45-EC6A81EB1A2C}.Release|x64.ActiveCfg = Release|Any CPU
		{1383093E-CDD4-44D0-9F45-EC6A81EB1A2C}.Release|x64.Build.0 = Release|Any CPU
		{1383093E-CDD4-44D0-9F45-EC6A81EB1A2C}.Release|x86.ActiveCfg = Release|Any CPU
		{1383093E-CDD4-44D0-9F45-EC6A81EB1A2C}.Release|x86.Build.0 = Release|Any CPU
		{B20DFF91-24C8-4791-B4CE-54F4B1AF8262}.Debug|Any CPU.ActiveCfg = Debug|Any CPU
		{B20DFF91-24C8-4791-B4CE-54F4B1AF8262}.Debug|Any CPU.Build.0 = Debug|Any CPU
		{B20DFF91-24C8-4791-B4CE-54F4B1AF8262}.Debug|x64.ActiveCfg = Debug|Any CPU
		{B20DFF91-24C8-4791-B4CE-54F4B1AF8262}.Debug|x64.Build.0 = Debug|Any CPU
		{B20DFF91-24C8-4791-B4CE-54F4B1AF8262}.Debug|x86.ActiveCfg = Debug|Any CPU
		{B20DFF91-24C8-4791-B4CE-54F4B1AF8262}.Debug|x86.Build.0 = Debug|Any CPU
		{B20DFF91-24C8-4791-B4CE-54F4B1AF8262}.Release|Any CPU.ActiveCfg = Release|Any CPU
		{B20DFF91-24C8-4791-B4CE-54F4B1AF8262}.Release|Any CPU.Build.0 = Release|Any CPU
		{B20DFF91-24C8-4791-B4CE-54F4B1AF8262}.Release|x64.ActiveCfg = Release|Any CPU
		{B20DFF91-24C8-4791-B4CE-54F4B1AF8262}.Release|x64.Build.0 = Release|Any CPU
		{B20DFF91-24C8-4791-B4CE-54F4B1AF8262}.Release|x86.ActiveCfg = Release|Any CPU
		{B20DFF91-24C8-4791-B4CE-54F4B1AF8262}.Release|x86.Build.0 = Release|Any CPU
		{6B8B2F40-A7FC-44B5-A8B6-40E4CFF64A59}.Debug|Any CPU.ActiveCfg = Debug|Any CPU
		{6B8B2F40-A7FC-44B5-A8B6-40E4CFF64A59}.Debug|Any CPU.Build.0 = Debug|Any CPU
		{6B8B2F40-A7FC-44B5-A8B6-40E4CFF64A59}.Debug|x64.ActiveCfg = Debug|Any CPU
		{6B8B2F40-A7FC-44B5-A8B6-40E4CFF64A59}.Debug|x64.Build.0 = Debug|Any CPU
		{6B8B2F40-A7FC-44B5-A8B6-40E4CFF64A59}.Debug|x86.ActiveCfg = Debug|Any CPU
		{6B8B2F40-A7FC-44B5-A8B6-40E4CFF64A59}.Debug|x86.Build.0 = Debug|Any CPU
		{6B8B2F40-A7FC-44B5-A8B6-40E4CFF64A59}.Release|Any CPU.ActiveCfg = Release|Any CPU
		{6B8B2F40-A7FC-44B5-A8B6-40E4CFF64A59}.Release|Any CPU.Build.0 = Release|Any CPU
		{6B8B2F40-A7FC-44B5-A8B6-40E4CFF64A59}.Release|x64.ActiveCfg = Release|Any CPU
		{6B8B2F40-A7FC-44B5-A8B6-40E4CFF64A59}.Release|x64.Build.0 = Release|Any CPU
		{6B8B2F40-A7FC-44B5-A8B6-40E4CFF64A59}.Release|x86.ActiveCfg = Release|Any CPU
		{6B8B2F40-A7FC-44B5-A8B6-40E4CFF64A59}.Release|x86.Build.0 = Release|Any CPU
		{3607F4BD-6616-4942-A12F-89E9A2C2494D}.Debug|Any CPU.ActiveCfg = Debug|Any CPU
		{3607F4BD-6616-4942-A12F-89E9A2C2494D}.Debug|Any CPU.Build.0 = Debug|Any CPU
		{3607F4BD-6616-4942-A12F-89E9A2C2494D}.Debug|x64.ActiveCfg = Debug|Any CPU
		{3607F4BD-6616-4942-A12F-89E9A2C2494D}.Debug|x64.Build.0 = Debug|Any CPU
		{3607F4BD-6616-4942-A12F-89E9A2C2494D}.Debug|x86.ActiveCfg = Debug|Any CPU
		{3607F4BD-6616-4942-A12F-89E9A2C2494D}.Debug|x86.Build.0 = Debug|Any CPU
		{3607F4BD-6616-4942-A12F-89E9A2C2494D}.Release|Any CPU.ActiveCfg = Release|Any CPU
		{3607F4BD-6616-4942-A12F-89E9A2C2494D}.Release|Any CPU.Build.0 = Release|Any CPU
		{3607F4BD-6616-4942-A12F-89E9A2C2494D}.Release|x64.ActiveCfg = Release|Any CPU
		{3607F4BD-6616-4942-A12F-89E9A2C2494D}.Release|x64.Build.0 = Release|Any CPU
		{3607F4BD-6616-4942-A12F-89E9A2C2494D}.Release|x86.ActiveCfg = Release|Any CPU
		{3607F4BD-6616-4942-A12F-89E9A2C2494D}.Release|x86.Build.0 = Release|Any CPU
		{FFAFA407-3A41-4089-A821-D354F43397FA}.Debug|Any CPU.ActiveCfg = Debug|Any CPU
		{FFAFA407-3A41-4089-A821-D354F43397FA}.Debug|Any CPU.Build.0 = Debug|Any CPU
		{FFAFA407-3A41-4089-A821-D354F43397FA}.Debug|x64.ActiveCfg = Debug|Any CPU
		{FFAFA407-3A41-4089-A821-D354F43397FA}.Debug|x64.Build.0 = Debug|Any CPU
		{FFAFA407-3A41-4089-A821-D354F43397FA}.Debug|x86.ActiveCfg = Debug|Any CPU
		{FFAFA407-3A41-4089-A821-D354F43397FA}.Debug|x86.Build.0 = Debug|Any CPU
		{FFAFA407-3A41-4089-A821-D354F43397FA}.Release|Any CPU.ActiveCfg = Release|Any CPU
		{FFAFA407-3A41-4089-A821-D354F43397FA}.Release|Any CPU.Build.0 = Release|Any CPU
		{FFAFA407-3A41-4089-A821-D354F43397FA}.Release|x64.ActiveCfg = Release|Any CPU
		{FFAFA407-3A41-4089-A821-D354F43397FA}.Release|x64.Build.0 = Release|Any CPU
		{FFAFA407-3A41-4089-A821-D354F43397FA}.Release|x86.ActiveCfg = Release|Any CPU
		{FFAFA407-3A41-4089-A821-D354F43397FA}.Release|x86.Build.0 = Release|Any CPU
		{84756DC5-4D2F-46F8-899D-DDA094E024B0}.Debug|Any CPU.ActiveCfg = Debug|Any CPU
		{84756DC5-4D2F-46F8-899D-DDA094E024B0}.Debug|Any CPU.Build.0 = Debug|Any CPU
		{84756DC5-4D2F-46F8-899D-DDA094E024B0}.Debug|x64.ActiveCfg = Debug|Any CPU
		{84756DC5-4D2F-46F8-899D-DDA094E024B0}.Debug|x64.Build.0 = Debug|Any CPU
		{84756DC5-4D2F-46F8-899D-DDA094E024B0}.Debug|x86.ActiveCfg = Debug|Any CPU
		{84756DC5-4D2F-46F8-899D-DDA094E024B0}.Debug|x86.Build.0 = Debug|Any CPU
		{84756DC5-4D2F-46F8-899D-DDA094E024B0}.Release|Any CPU.ActiveCfg = Release|Any CPU
		{84756DC5-4D2F-46F8-899D-DDA094E024B0}.Release|Any CPU.Build.0 = Release|Any CPU
		{84756DC5-4D2F-46F8-899D-DDA094E024B0}.Release|x64.ActiveCfg = Release|Any CPU
		{84756DC5-4D2F-46F8-899D-DDA094E024B0}.Release|x64.Build.0 = Release|Any CPU
		{84756DC5-4D2F-46F8-899D-DDA094E024B0}.Release|x86.ActiveCfg = Release|Any CPU
		{84756DC5-4D2F-46F8-899D-DDA094E024B0}.Release|x86.Build.0 = Release|Any CPU
		{DDDC7B9A-1D5A-4EBC-9AB6-E072CC63210C}.Debug|Any CPU.ActiveCfg = Debug|Any CPU
		{DDDC7B9A-1D5A-4EBC-9AB6-E072CC63210C}.Debug|Any CPU.Build.0 = Debug|Any CPU
		{DDDC7B9A-1D5A-4EBC-9AB6-E072CC63210C}.Debug|x64.ActiveCfg = Debug|Any CPU
		{DDDC7B9A-1D5A-4EBC-9AB6-E072CC63210C}.Debug|x64.Build.0 = Debug|Any CPU
		{DDDC7B9A-1D5A-4EBC-9AB6-E072CC63210C}.Debug|x86.ActiveCfg = Debug|Any CPU
		{DDDC7B9A-1D5A-4EBC-9AB6-E072CC63210C}.Debug|x86.Build.0 = Debug|Any CPU
		{DDDC7B9A-1D5A-4EBC-9AB6-E072CC63210C}.Release|Any CPU.ActiveCfg = Release|Any CPU
		{DDDC7B9A-1D5A-4EBC-9AB6-E072CC63210C}.Release|Any CPU.Build.0 = Release|Any CPU
		{DDDC7B9A-1D5A-4EBC-9AB6-E072CC63210C}.Release|x64.ActiveCfg = Release|Any CPU
		{DDDC7B9A-1D5A-4EBC-9AB6-E072CC63210C}.Release|x64.Build.0 = Release|Any CPU
		{DDDC7B9A-1D5A-4EBC-9AB6-E072CC63210C}.Release|x86.ActiveCfg = Release|Any CPU
		{DDDC7B9A-1D5A-4EBC-9AB6-E072CC63210C}.Release|x86.Build.0 = Release|Any CPU
		{07DE8DAA-1E5E-4B64-BB42-953460EFBEF8}.Debug|Any CPU.ActiveCfg = Debug|Any CPU
		{07DE8DAA-1E5E-4B64-BB42-953460EFBEF8}.Debug|Any CPU.Build.0 = Debug|Any CPU
		{07DE8DAA-1E5E-4B64-BB42-953460EFBEF8}.Debug|x64.ActiveCfg = Debug|Any CPU
		{07DE8DAA-1E5E-4B64-BB42-953460EFBEF8}.Debug|x64.Build.0 = Debug|Any CPU
		{07DE8DAA-1E5E-4B64-BB42-953460EFBEF8}.Debug|x86.ActiveCfg = Debug|Any CPU
		{07DE8DAA-1E5E-4B64-BB42-953460EFBEF8}.Debug|x86.Build.0 = Debug|Any CPU
		{07DE8DAA-1E5E-4B64-BB42-953460EFBEF8}.Release|Any CPU.ActiveCfg = Release|Any CPU
		{07DE8DAA-1E5E-4B64-BB42-953460EFBEF8}.Release|Any CPU.Build.0 = Release|Any CPU
		{07DE8DAA-1E5E-4B64-BB42-953460EFBEF8}.Release|x64.ActiveCfg = Release|Any CPU
		{07DE8DAA-1E5E-4B64-BB42-953460EFBEF8}.Release|x64.Build.0 = Release|Any CPU
		{07DE8DAA-1E5E-4B64-BB42-953460EFBEF8}.Release|x86.ActiveCfg = Release|Any CPU
		{07DE8DAA-1E5E-4B64-BB42-953460EFBEF8}.Release|x86.Build.0 = Release|Any CPU
		{DECA6EFF-6017-4994-9A19-A962F4D46394}.Debug|Any CPU.ActiveCfg = Debug|Any CPU
		{DECA6EFF-6017-4994-9A19-A962F4D46394}.Debug|Any CPU.Build.0 = Debug|Any CPU
		{DECA6EFF-6017-4994-9A19-A962F4D46394}.Debug|x64.ActiveCfg = Debug|Any CPU
		{DECA6EFF-6017-4994-9A19-A962F4D46394}.Debug|x64.Build.0 = Debug|Any CPU
		{DECA6EFF-6017-4994-9A19-A962F4D46394}.Debug|x86.ActiveCfg = Debug|Any CPU
		{DECA6EFF-6017-4994-9A19-A962F4D46394}.Debug|x86.Build.0 = Debug|Any CPU
		{DECA6EFF-6017-4994-9A19-A962F4D46394}.Release|Any CPU.ActiveCfg = Release|Any CPU
		{DECA6EFF-6017-4994-9A19-A962F4D46394}.Release|Any CPU.Build.0 = Release|Any CPU
		{DECA6EFF-6017-4994-9A19-A962F4D46394}.Release|x64.ActiveCfg = Release|Any CPU
		{DECA6EFF-6017-4994-9A19-A962F4D46394}.Release|x64.Build.0 = Release|Any CPU
		{DECA6EFF-6017-4994-9A19-A962F4D46394}.Release|x86.ActiveCfg = Release|Any CPU
		{DECA6EFF-6017-4994-9A19-A962F4D46394}.Release|x86.Build.0 = Release|Any CPU
		{37FCE154-CD3F-4F76-9EC5-DB28F76995E5}.Debug|Any CPU.ActiveCfg = Debug|Any CPU
		{37FCE154-CD3F-4F76-9EC5-DB28F76995E5}.Debug|Any CPU.Build.0 = Debug|Any CPU
		{37FCE154-CD3F-4F76-9EC5-DB28F76995E5}.Debug|x64.ActiveCfg = Debug|Any CPU
		{37FCE154-CD3F-4F76-9EC5-DB28F76995E5}.Debug|x64.Build.0 = Debug|Any CPU
		{37FCE154-CD3F-4F76-9EC5-DB28F76995E5}.Debug|x86.ActiveCfg = Debug|Any CPU
		{37FCE154-CD3F-4F76-9EC5-DB28F76995E5}.Debug|x86.Build.0 = Debug|Any CPU
		{37FCE154-CD3F-4F76-9EC5-DB28F76995E5}.Release|Any CPU.ActiveCfg = Release|Any CPU
		{37FCE154-CD3F-4F76-9EC5-DB28F76995E5}.Release|Any CPU.Build.0 = Release|Any CPU
		{37FCE154-CD3F-4F76-9EC5-DB28F76995E5}.Release|x64.ActiveCfg = Release|Any CPU
		{37FCE154-CD3F-4F76-9EC5-DB28F76995E5}.Release|x64.Build.0 = Release|Any CPU
		{37FCE154-CD3F-4F76-9EC5-DB28F76995E5}.Release|x86.ActiveCfg = Release|Any CPU
		{37FCE154-CD3F-4F76-9EC5-DB28F76995E5}.Release|x86.Build.0 = Release|Any CPU
	EndGlobalSection
	GlobalSection(SolutionProperties) = preSolution
		HideSolutionNode = FALSE
	EndGlobalSection
	GlobalSection(NestedProjects) = preSolution
		{6450A65B-3B34-4D04-AB22-0BBB9B95D9CC} = {827E0CD3-B72D-47B6-A68D-7590B98EB39B}
		{F528FF4A-C08C-4234-AF91-E89B91CEFF8E} = {827E0CD3-B72D-47B6-A68D-7590B98EB39B}
		{B61CD123-3F40-49F8-B13E-EF410A2CE98D} = {827E0CD3-B72D-47B6-A68D-7590B98EB39B}
		{D68A2AE3-0370-4E9C-8DC3-5A1589D81AD8} = {827E0CD3-B72D-47B6-A68D-7590B98EB39B}
		{984730D0-289D-42F1-8C6E-BDB50DF19088} = {827E0CD3-B72D-47B6-A68D-7590B98EB39B}
		{079234B2-9A2A-4D88-81A7-6FE82262C3C1} = {827E0CD3-B72D-47B6-A68D-7590B98EB39B}
		{25B3422B-872D-4F91-91F5-42E85411679F} = {827E0CD3-B72D-47B6-A68D-7590B98EB39B}
		{05339E85-6E33-4C52-9A7F-202C387C02D0} = {827E0CD3-B72D-47B6-A68D-7590B98EB39B}
		{1383093E-CDD4-44D0-9F45-EC6A81EB1A2C} = {827E0CD3-B72D-47B6-A68D-7590B98EB39B}
		{B20DFF91-24C8-4791-B4CE-54F4B1AF8262} = {0AB3BF05-4346-4AA6-1389-037BE0695223}
		{6B8B2F40-A7FC-44B5-A8B6-40E4CFF64A59} = {0AB3BF05-4346-4AA6-1389-037BE0695223}
		{3607F4BD-6616-4942-A12F-89E9A2C2494D} = {0AB3BF05-4346-4AA6-1389-037BE0695223}
		{FFAFA407-3A41-4089-A821-D354F43397FA} = {0AB3BF05-4346-4AA6-1389-037BE0695223}
		{84756DC5-4D2F-46F8-899D-DDA094E024B0} = {0AB3BF05-4346-4AA6-1389-037BE0695223}
		{DDDC7B9A-1D5A-4EBC-9AB6-E072CC63210C} = {760AB15A-8938-8D9B-BEDE-5CE1484B84C3}
		{07DE8DAA-1E5E-4B64-BB42-953460EFBEF8} = {827E0CD3-B72D-47B6-A68D-7590B98EB39B}
		{DECA6EFF-6017-4994-9A19-A962F4D46394} = {827E0CD3-B72D-47B6-A68D-7590B98EB39B}
		{37FCE154-CD3F-4F76-9EC5-DB28F76995E5} = {827E0CD3-B72D-47B6-A68D-7590B98EB39B}
	EndGlobalSection
EndGlobal
